
Microsoft Visual Studio Solution File, Format Version 12.00
Project("{FAE04EC0-301F-11D3-BF4B-00C04F79EFBC}") = "TicTacToe", "TicTacToe.csproj", "{F6773654-14EA-4445-B66A-1569C8BA972D}"
EndProject
Global
	GlobalSection(SolutionConfigurationPlatforms) = preSolution
		Debug|Any CPU = Debug|Any CPU
		Release|Any CPU = Release|Any CPU
	EndGlobalSection
	GlobalSection(ProjectConfigurationPlatforms) = postSolution
		{F6773654-14EA-4445-B66A-1569C8BA972D}.Debug|Any CPU.ActiveCfg = Debug|Any CPU
		{F6773654-14EA-4445-B66A-1569C8BA972D}.Debug|Any CPU.Build.0 = Debug|Any CPU
		{F6773654-14EA-4445-B66A-1569C8BA972D}.Release|Any CPU.ActiveCfg = Release|Any CPU
		{F6773654-14EA-4445-B66A-1569C8BA972D}.Release|Any CPU.Build.0 = Release|Any CPU
	EndGlobalSection
EndGlobal
